
Microsoft Visual Studio Solution File, Format Version 12.00
# Visual Studio Version 16
VisualStudioVersion = 16.0.30114.105
MinimumVisualStudioVersion = 10.0.40219.1
Project("{FAE04EC0-301F-11D3-BF4B-00C04F79EFBC}") = "DotnetWebhookGH.Api", "DotnetWebhookGH.Api\DotnetWebhookGH.Api.csproj", "{449DFC06-BCCC-4B89-A7E2-D54F0FBEE56D}"
EndProject
Project("{FAE04EC0-301F-11D3-BF4B-00C04F79EFBC}") = "DotnetWebhookGH.Tests", "DotnetWebhookGH.Tests\DotnetWebhookGH.Tests.csproj", "{66AABF54-6964-45CD-B48D-93F702039BA7}"
EndProject
Global
	GlobalSection(SolutionConfigurationPlatforms) = preSolution
		Debug|Any CPU = Debug|Any CPU
		Release|Any CPU = Release|Any CPU
	EndGlobalSection
	GlobalSection(SolutionProperties) = preSolution
		HideSolutionNode = FALSE
	EndGlobalSection
	GlobalSection(ProjectConfigurationPlatforms) = postSolution
		{449DFC06-BCCC-4B89-A7E2-D54F0FBEE56D}.Debug|Any CPU.ActiveCfg = Debug|Any CPU
		{449DFC06-BCCC-4B89-A7E2-D54F0FBEE56D}.Debug|Any CPU.Build.0 = Debug|Any CPU
		{449DFC06-BCCC-4B89-A7E2-D54F0FBEE56D}.Release|Any CPU.ActiveCfg = Release|Any CPU
		{449DFC06-BCCC-4B89-A7E2-D54F0FBEE56D}.Release|Any CPU.Build.0 = Release|Any CPU
		{66AABF54-6964-45CD-B48D-93F702039BA7}.Debug|Any CPU.ActiveCfg = Debug|Any CPU
		{66AABF54-6964-45CD-B48D-93F702039BA7}.Debug|Any CPU.Build.0 = Debug|Any CPU
		{66AABF54-6964-45CD-B48D-93F702039BA7}.Release|Any CPU.ActiveCfg = Release|Any CPU
		{66AABF54-6964-45CD-B48D-93F702039BA7}.Release|Any CPU.Build.0 = Release|Any CPU
	EndGlobalSection
EndGlobal
